// !$*UTF8*$!
{
	archiveVersion = 1;
	classes = {
	};
	objectVersion = 56;
	objects = {

/* Begin PBXBuildFile section */
		2EE5BD9B2BBBDD43008018EF /* AppDelegate.swift in Sources */ = {isa = PBXBuildFile; fileRef = 2EE5BD9A2BBBDD43008018EF /* AppDelegate.swift */; };
		2EE5BD9D2BBBDD43008018EF /* SceneDelegate.swift in Sources */ = {isa = PBXBuildFile; fileRef = 2EE5BD9C2BBBDD43008018EF /* SceneDelegate.swift */; };
		2EE5BDA42BBBDD45008018EF /* Assets.xcassets in Resources */ = {isa = PBXBuildFile; fileRef = 2EE5BDA32BBBDD45008018EF /* Assets.xcassets */; };
		2EE5BDA72BBBDD45008018EF /* LaunchScreen.storyboard in Resources */ = {isa = PBXBuildFile; fileRef = 2EE5BDA52BBBDD45008018EF /* LaunchScreen.storyboard */; };
		2EE5BDB22BBBDE51008018EF /* UserAuthViewController.swift in Sources */ = {isa = PBXBuildFile; fileRef = 2EE5BDB12BBBDE51008018EF /* UserAuthViewController.swift */; };
		2EE5BDB52BBBE881008018EF /* UiColor.swift in Sources */ = {isa = PBXBuildFile; fileRef = 2EE5BDB42BBBE881008018EF /* UiColor.swift */; };
		2EE5BDB82BBBF40F008018EF /* SecondUserAuthViewController.swift in Sources */ = {isa = PBXBuildFile; fileRef = 2EE5BDB72BBBF40F008018EF /* SecondUserAuthViewController.swift */; };
		2EE5BDBB2BBC0221008018EF /* MenuViewController.swift in Sources */ = {isa = PBXBuildFile; fileRef = 2EE5BDBA2BBC0221008018EF /* MenuViewController.swift */; };
		2EE5BDBD2BC87CEF008018EF /* MenuTableViewCell.swift in Sources */ = {isa = PBXBuildFile; fileRef = 2EE5BDBC2BC87CEF008018EF /* MenuTableViewCell.swift */; };
		2EE5BDC02BCD14B3008018EF /* ScanQrButton.swift in Sources */ = {isa = PBXBuildFile; fileRef = 2EE5BDBF2BCD14B3008018EF /* ScanQrButton.swift */; };
		2EE5BDC42BCD1781008018EF /* CustonTapBarController.swift in Sources */ = {isa = PBXBuildFile; fileRef = 2EE5BDC32BCD1781008018EF /* CustonTapBarController.swift */; };
		2EE5BDC62BCD17EA008018EF /* CustomTapBar.swift in Sources */ = {isa = PBXBuildFile; fileRef = 2EE5BDC52BCD17EA008018EF /* CustomTapBar.swift */; };
		2EE5BDC82BD3CA7D008018EF /* CartViewController.swift in Sources */ = {isa = PBXBuildFile; fileRef = 2EE5BDC72BD3CA7C008018EF /* CartViewController.swift */; };
/* End PBXBuildFile section */

/* Begin PBXFileReference section */
		2EE5BD972BBBDD43008018EF /* Coffe_House.app */ = {isa = PBXFileReference; explicitFileType = wrapper.application; includeInIndex = 0; path = Coffe_House.app; sourceTree = BUILT_PRODUCTS_DIR; };
		2EE5BD9A2BBBDD43008018EF /* AppDelegate.swift */ = {isa = PBXFileReference; lastKnownFileType = sourcecode.swift; path = AppDelegate.swift; sourceTree = "<group>"; };
		2EE5BD9C2BBBDD43008018EF /* SceneDelegate.swift */ = {isa = PBXFileReference; lastKnownFileType = sourcecode.swift; path = SceneDelegate.swift; sourceTree = "<group>"; };
		2EE5BDA32BBBDD45008018EF /* Assets.xcassets */ = {isa = PBXFileReference; lastKnownFileType = folder.assetcatalog; path = Assets.xcassets; sourceTree = "<group>"; };
		2EE5BDA62BBBDD45008018EF /* Base */ = {isa = PBXFileReference; lastKnownFileType = file.storyboard; name = Base; path = Base.lproj/LaunchScreen.storyboard; sourceTree = "<group>"; };
		2EE5BDA82BBBDD45008018EF /* Info.plist */ = {isa = PBXFileReference; lastKnownFileType = text.plist.xml; path = Info.plist; sourceTree = "<group>"; };
		2EE5BDB12BBBDE51008018EF /* UserAuthViewController.swift */ = {isa = PBXFileReference; lastKnownFileType = sourcecode.swift; path = UserAuthViewController.swift; sourceTree = "<group>"; };
		2EE5BDB42BBBE881008018EF /* UiColor.swift */ = {isa = PBXFileReference; lastKnownFileType = sourcecode.swift; path = UiColor.swift; sourceTree = "<group>"; };
		2EE5BDB72BBBF40F008018EF /* SecondUserAuthViewController.swift */ = {isa = PBXFileReference; lastKnownFileType = sourcecode.swift; path = SecondUserAuthViewController.swift; sourceTree = "<group>"; };
		2EE5BDBA2BBC0221008018EF /* MenuViewController.swift */ = {isa = PBXFileReference; lastKnownFileType = sourcecode.swift; path = MenuViewController.swift; sourceTree = "<group>"; };
		2EE5BDBC2BC87CEF008018EF /* MenuTableViewCell.swift */ = {isa = PBXFileReference; lastKnownFileType = sourcecode.swift; path = MenuTableViewCell.swift; sourceTree = "<group>"; };
		2EE5BDBF2BCD14B3008018EF /* ScanQrButton.swift */ = {isa = PBXFileReference; lastKnownFileType = sourcecode.swift; path = ScanQrButton.swift; sourceTree = "<group>"; };
		2EE5BDC32BCD1781008018EF /* CustonTapBarController.swift */ = {isa = PBXFileReference; lastKnownFileType = sourcecode.swift; path = CustonTapBarController.swift; sourceTree = "<group>"; };
		2EE5BDC52BCD17EA008018EF /* CustomTapBar.swift */ = {isa = PBXFileReference; lastKnownFileType = sourcecode.swift; path = CustomTapBar.swift; sourceTree = "<group>"; };
		2EE5BDC72BD3CA7C008018EF /* CartViewController.swift */ = {isa = PBXFileReference; lastKnownFileType = sourcecode.swift; path = CartViewController.swift; sourceTree = "<group>"; };
/* End PBXFileReference section */

/* Begin PBXFrameworksBuildPhase section */
		2EE5BD942BBBDD43008018EF /* Frameworks */ = {
			isa = PBXFrameworksBuildPhase;
			buildActionMask = 2147483647;
			files = (
			);
			runOnlyForDeploymentPostprocessing = 0;
		};
/* End PBXFrameworksBuildPhase section */

/* Begin PBXGroup section */
		2EE5BD8E2BBBDD43008018EF = {
			isa = PBXGroup;
			children = (
				2EE5BD992BBBDD43008018EF /* Coffe_House */,
				2EE5BD982BBBDD43008018EF /* Products */,
			);
			sourceTree = "<group>";
		};
		2EE5BD982BBBDD43008018EF /* Products */ = {
			isa = PBXGroup;
			children = (
				2EE5BD972BBBDD43008018EF /* Coffe_House.app */,
			);
			name = Products;
			sourceTree = "<group>";
		};
		2EE5BD992BBBDD43008018EF /* Coffe_House */ = {
			isa = PBXGroup;
			children = (
				2EE5BDB32BBBE625008018EF /* Extensions */,
				2EE5BDB02BBBDD93008018EF /* Model */,
				2EE5BDAF2BBBDD84008018EF /* assets */,
				2EE5BDAE2BBBDD6F008018EF /* delegate */,
				2EE5BDA52BBBDD45008018EF /* LaunchScreen.storyboard */,
				2EE5BDA82BBBDD45008018EF /* Info.plist */,
			);
			path = Coffe_House;
			sourceTree = "<group>";
		};
		2EE5BDAE2BBBDD6F008018EF /* delegate */ = {
			isa = PBXGroup;
			children = (
				2EE5BD9C2BBBDD43008018EF /* SceneDelegate.swift */,
				2EE5BD9A2BBBDD43008018EF /* AppDelegate.swift */,
			);
			path = delegate;
			sourceTree = "<group>";
		};
		2EE5BDAF2BBBDD84008018EF /* assets */ = {
			isa = PBXGroup;
			children = (
				2EE5BDA32BBBDD45008018EF /* Assets.xcassets */,
			);
			path = assets;
			sourceTree = "<group>";
		};
		2EE5BDB02BBBDD93008018EF /* Model */ = {
			isa = PBXGroup;
			children = (
				2EE5BDBE2BCD148A008018EF /* TapBar */,
				2EE5BDB92BBC020A008018EF /* Menu */,
				2EE5BDB62BBBF3EA008018EF /* Authorization */,
				2EE5BDC72BD3CA7C008018EF /* CartViewController.swift */,
			);
			path = Model;
			sourceTree = "<group>";
		};
		2EE5BDB32BBBE625008018EF /* Extensions */ = {
			isa = PBXGroup;
			children = (
				2EE5BDB42BBBE881008018EF /* UiColor.swift */,
			);
			path = Extensions;
			sourceTree = "<group>";
		};
		2EE5BDB62BBBF3EA008018EF /* Authorization */ = {
			isa = PBXGroup;
			children = (
				2EE5BDB12BBBDE51008018EF /* UserAuthViewController.swift */,
				2EE5BDB72BBBF40F008018EF /* SecondUserAuthViewController.swift */,
			);
			path = Authorization;
			sourceTree = "<group>";
		};
		2EE5BDB92BBC020A008018EF /* Menu */ = {
			isa = PBXGroup;
			children = (
				2EE5BDBA2BBC0221008018EF /* MenuViewController.swift */,
				2EE5BDBC2BC87CEF008018EF /* MenuTableViewCell.swift */,
			);
			path = Menu;
			sourceTree = "<group>";
		};
		2EE5BDBE2BCD148A008018EF /* TapBar */ = {
			isa = PBXGroup;
			children = (
				2EE5BDC12BCD1757008018EF /* CustomTabBar */,
			);
			path = TapBar;
			sourceTree = "<group>";
		};
		2EE5BDC12BCD1757008018EF /* CustomTabBar */ = {
			isa = PBXGroup;
			children = (
				2EE5BDC32BCD1781008018EF /* CustonTapBarController.swift */,
				2EE5BDC52BCD17EA008018EF /* CustomTapBar.swift */,
				2EE5BDC22BCD1763008018EF /* ScanQr */,
			);
			path = CustomTabBar;
			sourceTree = "<group>";
		};
		2EE5BDC22BCD1763008018EF /* ScanQr */ = {
			isa = PBXGroup;
			children = (
				2EE5BDBF2BCD14B3008018EF /* ScanQrButton.swift */,
			);
			path = ScanQr;
			sourceTree = "<group>";
		};
/* End PBXGroup section */

/* Begin PBXNativeTarget section */
		2EE5BD962BBBDD43008018EF /* Coffe_House */ = {
			isa = PBXNativeTarget;
			buildConfigurationList = 2EE5BDAB2BBBDD45008018EF /* Build configuration list for PBXNativeTarget "Coffe_House" */;
			buildPhases = (
				2EE5BD932BBBDD43008018EF /* Sources */,
				2EE5BD942BBBDD43008018EF /* Frameworks */,
				2EE5BD952BBBDD43008018EF /* Resources */,
			);
			buildRules = (
			);
			dependencies = (
			);
			name = Coffe_House;
			productName = Coffe_House;
			productReference = 2EE5BD972BBBDD43008018EF /* Coffe_House.app */;
			productType = "com.apple.product-type.application";
		};
/* End PBXNativeTarget section */

/* Begin PBXProject section */
		2EE5BD8F2BBBDD43008018EF /* Project object */ = {
			isa = PBXProject;
			attributes = {
				BuildIndependentTargetsInParallel = 1;
				LastSwiftUpdateCheck = 1520;
				LastUpgradeCheck = 1520;
				TargetAttributes = {
					2EE5BD962BBBDD43008018EF = {
						CreatedOnToolsVersion = 15.2;
					};
				};
			};
			buildConfigurationList = 2EE5BD922BBBDD43008018EF /* Build configuration list for PBXProject "Coffe_House" */;
			compatibilityVersion = "Xcode 14.0";
			developmentRegion = en;
			hasScannedForEncodings = 0;
			knownRegions = (
				en,
				Base,
			);
			mainGroup = 2EE5BD8E2BBBDD43008018EF;
			productRefGroup = 2EE5BD982BBBDD43008018EF /* Products */;
			projectDirPath = "";
			projectRoot = "";
			targets = (
				2EE5BD962BBBDD43008018EF /* Coffe_House */,
			);
		};
/* End PBXProject section */

/* Begin PBXResourcesBuildPhase section */
		2EE5BD952BBBDD43008018EF /* Resources */ = {
			isa = PBXResourcesBuildPhase;
			buildActionMask = 2147483647;
			files = (
				2EE5BDA72BBBDD45008018EF /* LaunchScreen.storyboard in Resources */,
				2EE5BDA42BBBDD45008018EF /* Assets.xcassets in Resources */,
			);
			runOnlyForDeploymentPostprocessing = 0;
		};
/* End PBXResourcesBuildPhase section */

/* Begin PBXSourcesBuildPhase section */
		2EE5BD932BBBDD43008018EF /* Sources */ = {
			isa = PBXSourcesBuildPhase;
			buildActionMask = 2147483647;
			files = (
				2EE5BDB22BBBDE51008018EF /* UserAuthViewController.swift in Sources */,
				2EE5BDC02BCD14B3008018EF /* ScanQrButton.swift in Sources */,
				2EE5BDC42BCD1781008018EF /* CustonTapBarController.swift in Sources */,
				2EE5BDBB2BBC0221008018EF /* MenuViewController.swift in Sources */,
				2EE5BDBD2BC87CEF008018EF /* MenuTableViewCell.swift in Sources */,
				2EE5BDB52BBBE881008018EF /* UiColor.swift in Sources */,
				2EE5BD9B2BBBDD43008018EF /* AppDelegate.swift in Sources */,
				2EE5BDC82BD3CA7D008018EF /* CartViewController.swift in Sources */,
				2EE5BDB82BBBF40F008018EF /* SecondUserAuthViewController.swift in Sources */,
				2EE5BDC62BCD17EA008018EF /* CustomTapBar.swift in Sources */,
				2EE5BD9D2BBBDD43008018EF /* SceneDelegate.swift in Sources */,
			);
			runOnlyForDeploymentPostprocessing = 0;
		};
/* End PBXSourcesBuildPhase section */

/* Begin PBXVariantGroup section */
		2EE5BDA52BBBDD45008018EF /* LaunchScreen.storyboard */ = {
			isa = PBXVariantGroup;
			children = (
				2EE5BDA62BBBDD45008018EF /* Base */,
			);
			name = LaunchScreen.storyboard;
			sourceTree = "<group>";
		};
/* End PBXVariantGroup section */

/* Begin XCBuildConfiguration section */
		2EE5BDA92BBBDD45008018EF /* Debug */ = {
			isa = XCBuildConfiguration;
			buildSettings = {
				ALWAYS_SEARCH_USER_PATHS = NO;
				ASSETCATALOG_COMPILER_GENERATE_SWIFT_ASSET_SYMBOL_EXTENSIONS = YES;
				CLANG_ANALYZER_NONNULL = YES;
				CLANG_ANALYZER_NUMBER_OBJECT_CONVERSION = YES_AGGRESSIVE;
				CLANG_CXX_LANGUAGE_STANDARD = "gnu++20";
				CLANG_ENABLE_MODULES = YES;
				CLANG_ENABLE_OBJC_ARC = YES;
				CLANG_ENABLE_OBJC_WEAK = YES;
				CLANG_WARN_BLOCK_CAPTURE_AUTORELEASING = YES;
				CLANG_WARN_BOOL_CONVERSION = YES;
				CLANG_WARN_COMMA = YES;
				CLANG_WARN_CONSTANT_CONVERSION = YES;
				CLANG_WARN_DEPRECATED_OBJC_IMPLEMENTATIONS = YES;
				CLANG_WARN_DIRECT_OBJC_ISA_USAGE = YES_ERROR;
				CLANG_WARN_DOCUMENTATION_COMMENTS = YES;
				CLANG_WARN_EMPTY_BODY = YES;
				CLANG_WARN_ENUM_CONVERSION = YES;
				CLANG_WARN_INFINITE_RECURSION = YES;
				CLANG_WARN_INT_CONVERSION = YES;
				CLANG_WARN_NON_LITERAL_NULL_CONVERSION = YES;
				CLANG_WARN_OBJC_IMPLICIT_RETAIN_SELF = YES;
				CLANG_WARN_OBJC_LITERAL_CONVERSION = YES;
				CLANG_WARN_OBJC_ROOT_CLASS = YES_ERROR;
				CLANG_WARN_QUOTED_INCLUDE_IN_FRAMEWORK_HEADER = YES;
				CLANG_WARN_RANGE_LOOP_ANALYSIS = YES;
				CLANG_WARN_STRICT_PROTOTYPES = YES;
				CLANG_WARN_SUSPICIOUS_MOVE = YES;
				CLANG_WARN_UNGUARDED_AVAILABILITY = YES_AGGRESSIVE;
				CLANG_WARN_UNREACHABLE_CODE = YES;
				CLANG_WARN__DUPLICATE_METHOD_MATCH = YES;
				COPY_PHASE_STRIP = NO;
				DEBUG_INFORMATION_FORMAT = dwarf;
				ENABLE_STRICT_OBJC_MSGSEND = YES;
				ENABLE_TESTABILITY = YES;
				ENABLE_USER_SCRIPT_SANDBOXING = YES;
				GCC_C_LANGUAGE_STANDARD = gnu17;
				GCC_DYNAMIC_NO_PIC = NO;
				GCC_NO_COMMON_BLOCKS = YES;
				GCC_OPTIMIZATION_LEVEL = 0;
				GCC_PREPROCESSOR_DEFINITIONS = (
					"DEBUG=1",
					"$(inherited)",
				);
				GCC_WARN_64_TO_32_BIT_CONVERSION = YES;
				GCC_WARN_ABOUT_RETURN_TYPE = YES_ERROR;
				GCC_WARN_UNDECLARED_SELECTOR = YES;
				GCC_WARN_UNINITIALIZED_AUTOS = YES_AGGRESSIVE;
				GCC_WARN_UNUSED_FUNCTION = YES;
				GCC_WARN_UNUSED_VARIABLE = YES;
				IPHONEOS_DEPLOYMENT_TARGET = 17.2;
				LOCALIZATION_PREFERS_STRING_CATALOGS = YES;
				MTL_ENABLE_DEBUG_INFO = INCLUDE_SOURCE;
				MTL_FAST_MATH = YES;
				ONLY_ACTIVE_ARCH = YES;
				SDKROOT = iphoneos;
				SWIFT_ACTIVE_COMPILATION_CONDITIONS = "DEBUG $(inherited)";
				SWIFT_OPTIMIZATION_LEVEL = "-Onone";
			};
			name = Debug;
		};
		2EE5BDAA2BBBDD45008018EF /* Release */ = {
			isa = XCBuildConfiguration;
			buildSettings = {
				ALWAYS_SEARCH_USER_PATHS = NO;
				ASSETCATALOG_COMPILER_GENERATE_SWIFT_ASSET_SYMBOL_EXTENSIONS = YES;
				CLANG_ANALYZER_NONNULL = YES;
				CLANG_ANALYZER_NUMBER_OBJECT_CONVERSION = YES_AGGRESSIVE;
				CLANG_CXX_LANGUAGE_STANDARD = "gnu++20";
				CLANG_ENABLE_MODULES = YES;
				CLANG_ENABLE_OBJC_ARC = YES;
				CLANG_ENABLE_OBJC_WEAK = YES;
				CLANG_WARN_BLOCK_CAPTURE_AUTORELEASING = YES;
				CLANG_WARN_BOOL_CONVERSION = YES;
				CLANG_WARN_COMMA = YES;
				CLANG_WARN_CONSTANT_CONVERSION = YES;
				CLANG_WARN_DEPRECATED_OBJC_IMPLEMENTATIONS = YES;
				CLANG_WARN_DIRECT_OBJC_ISA_USAGE = YES_ERROR;
				CLANG_WARN_DOCUMENTATION_COMMENTS = YES;
				CLANG_WARN_EMPTY_BODY = YES;
				CLANG_WARN_ENUM_CONVERSION = YES;
				CLANG_WARN_INFINITE_RECURSION = YES;
				CLANG_WARN_INT_CONVERSION = YES;
				CLANG_WARN_NON_LITERAL_NULL_CONVERSION = YES;
				CLANG_WARN_OBJC_IMPLICIT_RETAIN_SELF = YES;
				CLANG_WARN_OBJC_LITERAL_CONVERSION = YES;
				CLANG_WARN_OBJC_ROOT_CLASS = YES_ERROR;
				CLANG_WARN_QUOTED_INCLUDE_IN_FRAMEWORK_HEADER = YES;
				CLANG_WARN_RANGE_LOOP_ANALYSIS = YES;
				CLANG_WARN_STRICT_PROTOTYPES = YES;
				CLANG_WARN_SUSPICIOUS_MOVE = YES;
				CLANG_WARN_UNGUARDED_AVAILABILITY = YES_AGGRESSIVE;
				CLANG_WARN_UNREACHABLE_CODE = YES;
				CLANG_WARN__DUPLICATE_METHOD_MATCH = YES;
				COPY_PHASE_STRIP = NO;
				DEBUG_INFORMATION_FORMAT = "dwarf-with-dsym";
				ENABLE_NS_ASSERTIONS = NO;
				ENABLE_STRICT_OBJC_MSGSEND = YES;
				ENABLE_USER_SCRIPT_SANDBOXING = YES;
				GCC_C_LANGUAGE_STANDARD = gnu17;
				GCC_NO_COMMON_BLOCKS = YES;
				GCC_WARN_64_TO_32_BIT_CONVERSION = YES;
				GCC_WARN_ABOUT_RETURN_TYPE = YES_ERROR;
				GCC_WARN_UNDECLARED_SELECTOR = YES;
				GCC_WARN_UNINITIALIZED_AUTOS = YES_AGGRESSIVE;
				GCC_WARN_UNUSED_FUNCTION = YES;
				GCC_WARN_UNUSED_VARIABLE = YES;
				IPHONEOS_DEPLOYMENT_TARGET = 17.2;
				LOCALIZATION_PREFERS_STRING_CATALOGS = YES;
				MTL_ENABLE_DEBUG_INFO = NO;
				MTL_FAST_MATH = YES;
				SDKROOT = iphoneos;
				SWIFT_COMPILATION_MODE = wholemodule;
				VALIDATE_PRODUCT = YES;
			};
			name = Release;
		};
		2EE5BDAC2BBBDD45008018EF /* Debug */ = {
			isa = XCBuildConfiguration;
			buildSettings = {
				ASSETCATALOG_COMPILER_APPICON_NAME = AppIcon;
				ASSETCATALOG_COMPILER_GLOBAL_ACCENT_COLOR_NAME = AccentColor;
				CODE_SIGN_STYLE = Automatic;
				CURRENT_PROJECT_VERSION = 1;
				DEVELOPMENT_TEAM = FMKKTRJKX6;
				GENERATE_INFOPLIST_FILE = YES;
				INFOPLIST_FILE = Coffe_House/Info.plist;
				INFOPLIST_KEY_UIApplicationSupportsIndirectInputEvents = YES;
				INFOPLIST_KEY_UILaunchStoryboardName = LaunchScreen;
				INFOPLIST_KEY_UISupportedInterfaceOrientations_iPad = "UIInterfaceOrientationPortrait UIInterfaceOrientationPortraitUpsideDown UIInterfaceOrientationLandscapeLeft UIInterfaceOrientationLandscapeRight";
				INFOPLIST_KEY_UISupportedInterfaceOrientations_iPhone = "UIInterfaceOrientationPortrait UIInterfaceOrientationLandscapeLeft UIInterfaceOrientationLandscapeRight";
				LD_RUNPATH_SEARCH_PATHS = (
					"$(inherited)",
					"@executable_path/Frameworks",
				);
				MARKETING_VERSION = 1.0;
				PRODUCT_BUNDLE_IDENTIFIER = "com.adylCEO.Coffe-House";
				PRODUCT_NAME = "$(TARGET_NAME)";
				SWIFT_EMIT_LOC_STRINGS = YES;
				SWIFT_VERSION = 5.0;
				TARGETED_DEVICE_FAMILY = "1,2";
			};
			name = Debug;
		};
		2EE5BDAD2BBBDD45008018EF /* Release */ = {
			isa = XCBuildConfiguration;
			buildSettings = {
				ASSETCATALOG_COMPILER_APPICON_NAME = AppIcon;
				ASSETCATALOG_COMPILER_GLOBAL_ACCENT_COLOR_NAME = AccentColor;
				CODE_SIGN_STYLE = Automatic;
				CURRENT_PROJECT_VERSION = 1;
				DEVELOPMENT_TEAM = FMKKTRJKX6;
				GENERATE_INFOPLIST_FILE = YES;
				INFOPLIST_FILE = Coffe_House/Info.plist;
				INFOPLIST_KEY_UIApplicationSupportsIndirectInputEvents = YES;
				INFOPLIST_KEY_UILaunchStoryboardName = LaunchScreen;
				INFOPLIST_KEY_UISupportedInterfaceOrientations_iPad = "UIInterfaceOrientationPortrait UIInterfaceOrientationPortraitUpsideDown UIInterfaceOrientationLandscapeLeft UIInterfaceOrientationLandscapeRight";
				INFOPLIST_KEY_UISupportedInterfaceOrientations_iPhone = "UIInterfaceOrientationPortrait UIInterfaceOrientationLandscapeLeft UIInterfaceOrientationLandscapeRight";
				LD_RUNPATH_SEARCH_PATHS = (
					"$(inherited)",
					"@executable_path/Frameworks",
				);
				MARKETING_VERSION = 1.0;
				PRODUCT_BUNDLE_IDENTIFIER = "com.adylCEO.Coffe-House";
				PRODUCT_NAME = "$(TARGET_NAME)";
				SWIFT_EMIT_LOC_STRINGS = YES;
				SWIFT_VERSION = 5.0;
				TARGETED_DEVICE_FAMILY = "1,2";
			};
			name = Release;
		};
/* End XCBuildConfiguration section */

/* Begin XCConfigurationList section */
		2EE5BD922BBBDD43008018EF /* Build configuration list for PBXProject "Coffe_House" */ = {
			isa = XCConfigurationList;
			buildConfigurations = (
				2EE5BDA92BBBDD45008018EF /* Debug */,
				2EE5BDAA2BBBDD45008018EF /* Release */,
			);
			defaultConfigurationIsVisible = 0;
			defaultConfigurationName = Release;
		};
		2EE5BDAB2BBBDD45008018EF /* Build configuration list for PBXNativeTarget "Coffe_House" */ = {
			isa = XCConfigurationList;
			buildConfigurations = (
				2EE5BDAC2BBBDD45008018EF /* Debug */,
				2EE5BDAD2BBBDD45008018EF /* Release */,
			);
			defaultConfigurationIsVisible = 0;
			defaultConfigurationName = Release;
		};
/* End XCConfigurationList section */
	};
	rootObject = 2EE5BD8F2BBBDD43008018EF /* Project object */;
}
